
Microsoft Visual Studio Solution File, Format Version 12.00
# Visual Studio Version 17
VisualStudioVersion = 17.14.37027.9 d17.14
MinimumVisualStudioVersion = 10.0.40219.1
Project("{FAE04EC0-301F-11D3-BF4B-00C04F79EFBC}") = "test_restapi_with_APISyncWithGithub", "test_restapi_with_APISyncWithGithub.csproj", "{C0CFA1D3-CC45-4E32-8174-795B8035F459}"
EndProject
Global
	GlobalSection(SolutionConfigurationPlatforms) = preSolution
		Debug|Any CPU = Debug|Any CPU
		Release|Any CPU = Release|Any CPU
	EndGlobalSection
	GlobalSection(ProjectConfigurationPlatforms) = postSolution
		{C0CFA1D3-CC45-4E32-8174-795B8035F459}.Debug|Any CPU.ActiveCfg = Debug|Any CPU
		{C0CFA1D3-CC45-4E32-8174-795B8035F459}.Debug|Any CPU.Build.0 = Debug|Any CPU
		{C0CFA1D3-CC45-4E32-8174-795B8035F459}.Release|Any CPU.ActiveCfg = Release|Any CPU
		{C0CFA1D3-CC45-4E32-8174-795B8035F459}.Release|Any CPU.Build.0 = Release|Any CPU
	EndGlobalSection
	GlobalSection(SolutionProperties) = preSolution
		HideSolutionNode = FALSE
	EndGlobalSection
	GlobalSection(ExtensibilityGlobals) = postSolution
		SolutionGuid = {A69F4D44-2E74-4177-974E-16C20E9038BF}
	EndGlobalSection
EndGlobal
